# Generated by pub
# See https://dart.dev/tools/pub/glossary#lockfile
packages:
  formz:
    dependency: "direct main"
    description:
      name: formz
      sha256: df8301299601139de7e653e68a07c332fd2db7cec65745eca1a1ea73fb711e06
      url: "https://pub.dev"
    source: hosted
    version: "0.6.1"
  meta:
    dependency: transitive
    description:
      name: meta
      sha256: bdb68674043280c3428e9ec998512fb681678676b3c54e773629ffe74419f8c7
      url: "https://pub.dev"
    source: hosted
    version: "1.15.0"
sdks:
  dart: ">=3.0.0 <4.0.0"
